
Microsoft Visual Studio Solution File, Format Version 12.00
# Visual Studio Version 17
VisualStudioVersion = 17.6.33829.357
MinimumVisualStudioVersion = 10.0.40219.1
Project("{8BC9CEB8-8B4A-11D0-8D11-00A0C91BC942}") = "Project01 - Window Setup", "Project 1 - Window Setup\Project 1 - Window Setup.vcxproj", "{E93457E8-0E09-42A0-B96A-7C21603663B7}"
EndProject
Project("{8BC9CEB8-8B4A-11D0-8D11-00A0C91BC942}") = "Project02 - Modern OpenGL Setup", "Project 2 - Modern OpenGL Setup\Project 2 - Modern OpenGL Setup.vcxproj", "{1BDCE6FA-FA26-4563-AF32-E11037671DC1}"
EndProject
Project("{8BC9CEB8-8B4A-11D0-8D11-00A0C91BC942}") = "Project03 - Drawing a Triangle", "Project 3 - Drawing a Triangle\Project 3 - Drawing a Triangle.vcxproj", "{106F9557-06B0-4006-8101-6658AB233226}"
EndProject
Project("{8BC9CEB8-8B4A-11D0-8D11-00A0C91BC942}") = "Project04 - Drawing a Triangle (Wireframed)", "Project 4 - Drawing a Triangle (Wireframed)\Project 4 - Drawing a Triangle (Wireframed).vcxproj", "{70F923A4-C0D8-4002-94B1-DDC82BC2F39E}"
EndProject
Project("{8BC9CEB8-8B4A-11D0-8D11-00A0C91BC942}") = "Project05 - Drawing Two Triangles", "Project 5 - Drawing Two Triangles\Project 5 - Drawing Two Triangles.vcxproj", "{C6AC4742-2A6D-4712-92B1-E14885A41246}"
EndProject
Project("{8BC9CEB8-8B4A-11D0-8D11-00A0C91BC942}") = "Project06 - Drawing Two Triangles Using Two Shaders", "Project 6 - Drawing Two Triangles Using Two Shaders\Project 6 - Drawing Two Triangles Using Two Shaders.vcxproj", "{D9B260AC-EBB8-460E-86E1-01FA55E13C44}"
EndProject
Project("{8BC9CEB8-8B4A-11D0-8D11-00A0C91BC942}") = "Project07 - Shader Program Abstraction", "Project 7 - Shader Program Abstraction\Project 7 - Shader Program Abstraction.vcxproj", "{F3E00015-6D4F-4FEA-92AB-D77430ABD944}"
EndProject
Project("{8BC9CEB8-8B4A-11D0-8D11-00A0C91BC942}") = "Project08 - Draw a Quad", "Project 8 - Draw a Quad\Project 8 - Draw a Quad.vcxproj", "{DA93E3F5-FBB7-40F0-97BC-B456EFC276B7}"
EndProject
Project("{8BC9CEB8-8B4A-11D0-8D11-00A0C91BC942}") = "Project09 - Application Abstraction", "Project 9 - Application Abstraction\Project 9 - Application Abstraction.vcxproj", "{9F797174-A6D6-45DB-ABEB-0806C8F656D5}"
EndProject
Project("{8BC9CEB8-8B4A-11D0-8D11-00A0C91BC942}") = "Project10 - Texture", "Project 10 - Texture\Project 10 - Texture.vcxproj", "{19FB2E6A-6688-4A38-9FAF-A8A088966B43}"
EndProject
Project("{8BC9CEB8-8B4A-11D0-8D11-00A0C91BC942}") = "Project11 - Model View Projection Matrices", "Project 11 - Model View Projection Matrices\Project 11 - Model View Projection Matrices.vcxproj", "{203AAFB2-744A-417D-9F76-5DC46D454826}"
EndProject
Project("{8BC9CEB8-8B4A-11D0-8D11-00A0C91BC942}") = "Project12 - Camera", "Project 12 - Camera\Project 12 - Camera.vcxproj", "{AA2F6173-B40E-4E31-A2DA-10D6EC434D2D}"
EndProject
Project("{8BC9CEB8-8B4A-11D0-8D11-00A0C91BC942}") = "Project13 - Ambient Diffuse Specular Lightning", "Project 13 - Ambient Diffuse Specular Lightning\Project 13 - Ambient Diffuse Specular Lightning.vcxproj", "{0C52DFAD-1312-4443-BAFF-64AD0C0870E6}"
EndProject
Project("{8BC9CEB8-8B4A-11D0-8D11-00A0C91BC942}") = "Project14 - Material", "Project 14 - Material\Project 14 - Material.vcxproj", "{885BF7EE-597F-49E8-A433-431AA4964A1C}"
EndProject
Project("{8BC9CEB8-8B4A-11D0-8D11-00A0C91BC942}") = "Project15 - Lightning Map", "Project 15 - Lightning Map\Project 15 - Lightning Map.vcxproj", "{0387E56A-28A0-46C3-B610-616FC43CEC9D}"
EndProject
Project("{8BC9CEB8-8B4A-11D0-8D11-00A0C91BC942}") = "Project16 - Directional Light", "Project 16 - Directional Light\Project 16 - Directional Light.vcxproj", "{C3FA473F-0D45-404B-AD33-BB49A47B6284}"
EndProject
Project("{8BC9CEB8-8B4A-11D0-8D11-00A0C91BC942}") = "Project17 - Point Light", "Project 17 - Point Light\Project 17 - Point Light.vcxproj", "{B468D068-380B-4718-B285-1E4C5978051F}"
EndProject
Project("{8BC9CEB8-8B4A-11D0-8D11-00A0C91BC942}") = "Project18 - Spotlight", "Project 18 - Spotlight\Project 18 - Spotlight.vcxproj", "{6E33292B-E86C-4469-B663-86E5542DD132}"
EndProject
Project("{8BC9CEB8-8B4A-11D0-8D11-00A0C91BC942}") = "Project19 - Multiple Lights", "Project 19 - Multiple Lights\Project 19 - Multiple Lights.vcxproj", "{4636B208-7257-4206-B8CD-C606B355DA20}"
EndProject
Project("{8BC9CEB8-8B4A-11D0-8D11-00A0C91BC942}") = "Project20 - Assimp", "Project 20 - Assimp\Project 20 - Assimp.vcxproj", "{F7BFEAD8-CE7E-4F0A-8B55-8F6FBBB7C196}"
EndProject
Project("{8BC9CEB8-8B4A-11D0-8D11-00A0C91BC942}") = "Project21 - ImGui", "Project 21 - ImGui\Project 21 - ImGui.vcxproj", "{30F2BB24-F472-4052-B110-D7A011998BDB}"
EndProject
Project("{8BC9CEB8-8B4A-11D0-8D11-00A0C91BC942}") = "Playground - ImGui", "Playground - ImGui\Playground - ImGui.vcxproj", "{F2C9C725-9706-4FA6-883D-196D0417D0B9}"
EndProject
Project("{8BC9CEB8-8B4A-11D0-8D11-00A0C91BC942}") = "Project03a - Drawing a Triangle (with ImGui)", "Project 3a - Drawing a Triangle (with ImGui)\Project 3a - Drawing a Triangle (with ImGui).vcxproj", "{CBA5F9D3-E748-4128-98F6-122195122A30}"
EndProject
Global
	GlobalSection(SolutionConfigurationPlatforms) = preSolution
		Debug|x64 = Debug|x64
		Debug|x86 = Debug|x86
		Release|x64 = Release|x64
		Release|x86 = Release|x86
	EndGlobalSection
	GlobalSection(ProjectConfigurationPlatforms) = postSolution
		{E93457E8-0E09-42A0-B96A-7C21603663B7}.Debug|x64.ActiveCfg = Debug|x64
		{E93457E8-0E09-42A0-B96A-7C21603663B7}.Debug|x64.Build.0 = Debug|x64
		{E93457E8-0E09-42A0-B96A-7C21603663B7}.Debug|x86.ActiveCfg = Debug|Win32
		{E93457E8-0E09-42A0-B96A-7C21603663B7}.Debug|x86.Build.0 = Debug|Win32
		{E93457E8-0E09-42A0-B96A-7C21603663B7}.Release|x64.ActiveCfg = Release|x64
		{E93457E8-0E09-42A0-B96A-7C21603663B7}.Release|x64.Build.0 = Release|x64
		{E93457E8-0E09-42A0-B96A-7C21603663B7}.Release|x86.ActiveCfg = Release|Win32
		{E93457E8-0E09-42A0-B96A-7C21603663B7}.Release|x86.Build.0 = Release|Win32
		{1BDCE6FA-FA26-4563-AF32-E11037671DC1}.Debug|x64.ActiveCfg = Debug|x64
		{1BDCE6FA-FA26-4563-AF32-E11037671DC1}.Debug|x64.Build.0 = Debug|x64
		{1BDCE6FA-FA26-4563-AF32-E11037671DC1}.Debug|x86.ActiveCfg = Debug|Win32
		{1BDCE6FA-FA26-4563-AF32-E11037671DC1}.Debug|x86.Build.0 = Debug|Win32
		{1BDCE6FA-FA26-4563-AF32-E11037671DC1}.Release|x64.ActiveCfg = Release|x64
		{1BDCE6FA-FA26-4563-AF32-E11037671DC1}.Release|x64.Build.0 = Release|x64
		{1BDCE6FA-FA26-4563-AF32-E11037671DC1}.Release|x86.ActiveCfg = Release|Win32
		{1BDCE6FA-FA26-4563-AF32-E11037671DC1}.Release|x86.Build.0 = Release|Win32
		{106F9557-06B0-4006-8101-6658AB233226}.Debug|x64.ActiveCfg = Debug|x64
		{106F9557-06B0-4006-8101-6658AB233226}.Debug|x64.Build.0 = Debug|x64
		{106F9557-06B0-4006-8101-6658AB233226}.Debug|x86.ActiveCfg = Debug|Win32
		{106F9557-06B0-4006-8101-6658AB233226}.Debug|x86.Build.0 = Debug|Win32
		{106F9557-06B0-4006-8101-6658AB233226}.Release|x64.ActiveCfg = Release|x64
		{106F9557-06B0-4006-8101-6658AB233226}.Release|x64.Build.0 = Release|x64
		{106F9557-06B0-4006-8101-6658AB233226}.Release|x86.ActiveCfg = Release|Win32
		{106F9557-06B0-4006-8101-6658AB233226}.Release|x86.Build.0 = Release|Win32
		{70F923A4-C0D8-4002-94B1-DDC82BC2F39E}.Debug|x64.ActiveCfg = Debug|x64
		{70F923A4-C0D8-4002-94B1-DDC82BC2F39E}.Debug|x64.Build.0 = Debug|x64
		{70F923A4-C0D8-4002-94B1-DDC82BC2F39E}.Debug|x86.ActiveCfg = Debug|Win32
		{70F923A4-C0D8-4002-94B1-DDC82BC2F39E}.Debug|x86.Build.0 = Debug|Win32
		{70F923A4-C0D8-4002-94B1-DDC82BC2F39E}.Release|x64.ActiveCfg = Release|x64
		{70F923A4-C0D8-4002-94B1-DDC82BC2F39E}.Release|x64.Build.0 = Release|x64
		{70F923A4-C0D8-4002-94B1-DDC82BC2F39E}.Release|x86.ActiveCfg = Release|Win32
		{70F923A4-C0D8-4002-94B1-DDC82BC2F39E}.Release|x86.Build.0 = Release|Win32
		{C6AC4742-2A6D-4712-92B1-E14885A41246}.Debug|x64.ActiveCfg = Debug|x64
		{C6AC4742-2A6D-4712-92B1-E14885A41246}.Debug|x64.Build.0 = Debug|x64
		{C6AC4742-2A6D-4712-92B1-E14885A41246}.Debug|x86.ActiveCfg = Debug|Win32
		{C6AC4742-2A6D-4712-92B1-E14885A41246}.Debug|x86.Build.0 = Debug|Win32
		{C6AC4742-2A6D-4712-92B1-E14885A41246}.Release|x64.ActiveCfg = Release|x64
		{C6AC4742-2A6D-4712-92B1-E14885A41246}.Release|x64.Build.0 = Release|x64
		{C6AC4742-2A6D-4712-92B1-E14885A41246}.Release|x86.ActiveCfg = Release|Win32
		{C6AC4742-2A6D-4712-92B1-E14885A41246}.Release|x86.Build.0 = Release|Win32
		{D9B260AC-EBB8-460E-86E1-01FA55E13C44}.Debug|x64.ActiveCfg = Debug|x64
		{D9B260AC-EBB8-460E-86E1-01FA55E13C44}.Debug|x64.Build.0 = Debug|x64
		{D9B260AC-EBB8-460E-86E1-01FA55E13C44}.Debug|x86.ActiveCfg = Debug|Win32
		{D9B260AC-EBB8-460E-86E1-01FA55E13C44}.Debug|x86.Build.0 = Debug|Win32
		{D9B260AC-EBB8-460E-86E1-01FA55E13C44}.Release|x64.ActiveCfg = Release|x64
		{D9B260AC-EBB8-460E-86E1-01FA55E13C44}.Release|x64.Build.0 = Release|x64
		{D9B260AC-EBB8-460E-86E1-01FA55E13C44}.Release|x86.ActiveCfg = Release|Win32
		{D9B260AC-EBB8-460E-86E1-01FA55E13C44}.Release|x86.Build.0 = Release|Win32
		{F3E00015-6D4F-4FEA-92AB-D77430ABD944}.Debug|x64.ActiveCfg = Debug|x64
		{F3E00015-6D4F-4FEA-92AB-D77430ABD944}.Debug|x64.Build.0 = Debug|x64
		{F3E00015-6D4F-4FEA-92AB-D77430ABD944}.Debug|x86.ActiveCfg = Debug|Win32
		{F3E00015-6D4F-4FEA-92AB-D77430ABD944}.Debug|x86.Build.0 = Debug|Win32
		{F3E00015-6D4F-4FEA-92AB-D77430ABD944}.Release|x64.ActiveCfg = Release|x64
		{F3E00015-6D4F-4FEA-92AB-D77430ABD944}.Release|x64.Build.0 = Release|x64
		{F3E00015-6D4F-4FEA-92AB-D77430ABD944}.Release|x86.ActiveCfg = Release|Win32
		{F3E00015-6D4F-4FEA-92AB-D77430ABD944}.Release|x86.Build.0 = Release|Win32
		{DA93E3F5-FBB7-40F0-97BC-B456EFC276B7}.Debug|x64.ActiveCfg = Debug|x64
		{DA93E3F5-FBB7-40F0-97BC-B456EFC276B7}.Debug|x64.Build.0 = Debug|x64
		{DA93E3F5-FBB7-40F0-97BC-B456EFC276B7}.Debug|x86.ActiveCfg = Debug|Win32
		{DA93E3F5-FBB7-40F0-97BC-B456EFC276B7}.Debug|x86.Build.0 = Debug|Win32
		{DA93E3F5-FBB7-40F0-97BC-B456EFC276B7}.Release|x64.ActiveCfg = Release|x64
		{DA93E3F5-FBB7-40F0-97BC-B456EFC276B7}.Release|x64.Build.0 = Release|x64
		{DA93E3F5-FBB7-40F0-97BC-B456EFC276B7}.Release|x86.ActiveCfg = Release|Win32
		{DA93E3F5-FBB7-40F0-97BC-B456EFC276B7}.Release|x86.Build.0 = Release|Win32
		{9F797174-A6D6-45DB-ABEB-0806C8F656D5}.Debug|x64.ActiveCfg = Debug|x64
		{9F797174-A6D6-45DB-ABEB-0806C8F656D5}.Debug|x64.Build.0 = Debug|x64
		{9F797174-A6D6-45DB-ABEB-0806C8F656D5}.Debug|x86.ActiveCfg = Debug|Win32
		{9F797174-A6D6-45DB-ABEB-0806C8F656D5}.Debug|x86.Build.0 = Debug|Win32
		{9F797174-A6D6-45DB-ABEB-0806C8F656D5}.Release|x64.ActiveCfg = Release|x64
		{9F797174-A6D6-45DB-ABEB-0806C8F656D5}.Release|x64.Build.0 = Release|x64
		{9F797174-A6D6-45DB-ABEB-0806C8F656D5}.Release|x86.ActiveCfg = Release|Win32
		{9F797174-A6D6-45DB-ABEB-0806C8F656D5}.Release|x86.Build.0 = Release|Win32
		{19FB2E6A-6688-4A38-9FAF-A8A088966B43}.Debug|x64.ActiveCfg = Debug|x64
		{19FB2E6A-6688-4A38-9FAF-A8A088966B43}.Debug|x64.Build.0 = Debug|x64
		{19FB2E6A-6688-4A38-9FAF-A8A088966B43}.Debug|x86.ActiveCfg = Debug|Win32
		{19FB2E6A-6688-4A38-9FAF-A8A088966B43}.Debug|x86.Build.0 = Debug|Win32
		{19FB2E6A-6688-4A38-9FAF-A8A088966B43}.Release|x64.ActiveCfg = Release|x64
		{19FB2E6A-6688-4A38-9FAF-A8A088966B43}.Release|x64.Build.0 = Release|x64
		{19FB2E6A-6688-4A38-9FAF-A8A088966B43}.Release|x86.ActiveCfg = Release|Win32
		{19FB2E6A-6688-4A38-9FAF-A8A088966B43}.Release|x86.Build.0 = Release|Win32
		{203AAFB2-744A-417D-9F76-5DC46D454826}.Debug|x64.ActiveCfg = Debug|x64
		{203AAFB2-744A-417D-9F76-5DC46D454826}.Debug|x64.Build.0 = Debug|x64
		{203AAFB2-744A-417D-9F76-5DC46D454826}.Debug|x86.ActiveCfg = Debug|Win32
		{203AAFB2-744A-417D-9F76-5DC46D454826}.Debug|x86.Build.0 = Debug|Win32
		{203AAFB2-744A-417D-9F76-5DC46D454826}.Release|x64.ActiveCfg = Release|x64
		{203AAFB2-744A-417D-9F76-5DC46D454826}.Release|x64.Build.0 = Release|x64
		{203AAFB2-744A-417D-9F76-5DC46D454826}.Release|x86.ActiveCfg = Release|Win32
		{203AAFB2-744A-417D-9F76-5DC46D454826}.Release|x86.Build.0 = Release|Win32
		{AA2F6173-B40E-4E31-A2DA-10D6EC434D2D}.Debug|x64.ActiveCfg = Debug|x64
		{AA2F6173-B40E-4E31-A2DA-10D6EC434D2D}.Debug|x64.Build.0 = Debug|x64
		{AA2F6173-B40E-4E31-A2DA-10D6EC434D2D}.Debug|x86.ActiveCfg = Debug|Win32
		{AA2F6173-B40E-4E31-A2DA-10D6EC434D2D}.Debug|x86.Build.0 = Debug|Win32
		{AA2F6173-B40E-4E31-A2DA-10D6EC434D2D}.Release|x64.ActiveCfg = Release|x64
		{AA2F6173-B40E-4E31-A2DA-10D6EC434D2D}.Release|x64.Build.0 = Release|x64
		{AA2F6173-B40E-4E31-A2DA-10D6EC434D2D}.Release|x86.ActiveCfg = Release|Win32
		{AA2F6173-B40E-4E31-A2DA-10D6EC434D2D}.Release|x86.Build.0 = Release|Win32
		{0C52DFAD-1312-4443-BAFF-64AD0C0870E6}.Debug|x64.ActiveCfg = Debug|x64
		{0C52DFAD-1312-4443-BAFF-64AD0C0870E6}.Debug|x64.Build.0 = Debug|x64
		{0C52DFAD-1312-4443-BAFF-64AD0C0870E6}.Debug|x86.ActiveCfg = Debug|Win32
		{0C52DFAD-1312-4443-BAFF-64AD0C0870E6}.Debug|x86.Build.0 = Debug|Win32
		{0C52DFAD-1312-4443-BAFF-64AD0C0870E6}.Release|x64.ActiveCfg = Release|x64
		{0C52DFAD-1312-4443-BAFF-64AD0C0870E6}.Release|x64.Build.0 = Release|x64
		{0C52DFAD-1312-4443-BAFF-64AD0C0870E6}.Release|x86.ActiveCfg = Release|Win32
		{0C52DFAD-1312-4443-BAFF-64AD0C0870E6}.Release|x86.Build.0 = Release|Win32
		{885BF7EE-597F-49E8-A433-431AA4964A1C}.Debug|x64.ActiveCfg = Debug|x64
		{885BF7EE-597F-49E8-A433-431AA4964A1C}.Debug|x64.Build.0 = Debug|x64
		{885BF7EE-597F-49E8-A433-431AA4964A1C}.Debug|x86.ActiveCfg = Debug|Win32
		{885BF7EE-597F-49E8-A433-431AA4964A1C}.Debug|x86.Build.0 = Debug|Win32
		{885BF7EE-597F-49E8-A433-431AA4964A1C}.Release|x64.ActiveCfg = Release|x64
		{885BF7EE-597F-49E8-A433-431AA4964A1C}.Release|x64.Build.0 = Release|x64
		{885BF7EE-597F-49E8-A433-431AA4964A1C}.Release|x86.ActiveCfg = Release|Win32
		{885BF7EE-597F-49E8-A433-431AA4964A1C}.Release|x86.Build.0 = Release|Win32
		{0387E56A-28A0-46C3-B610-616FC43CEC9D}.Debug|x64.ActiveCfg = Debug|x64
		{0387E56A-28A0-46C3-B610-616FC43CEC9D}.Debug|x64.Build.0 = Debug|x64
		{0387E56A-28A0-46C3-B610-616FC43CEC9D}.Debug|x86.ActiveCfg = Debug|Win32
		{0387E56A-28A0-46C3-B610-616FC43CEC9D}.Debug|x86.Build.0 = Debug|Win32
		{0387E56A-28A0-46C3-B610-616FC43CEC9D}.Release|x64.ActiveCfg = Release|x64
		{0387E56A-28A0-46C3-B610-616FC43CEC9D}.Release|x64.Build.0 = Release|x64
		{0387E56A-28A0-46C3-B610-616FC43CEC9D}.Release|x86.ActiveCfg = Release|Win32
		{0387E56A-28A0-46C3-B610-616FC43CEC9D}.Release|x86.Build.0 = Release|Win32
		{C3FA473F-0D45-404B-AD33-BB49A47B6284}.Debug|x64.ActiveCfg = Debug|x64
		{C3FA473F-0D45-404B-AD33-BB49A47B6284}.Debug|x64.Build.0 = Debug|x64
		{C3FA473F-0D45-404B-AD33-BB49A47B6284}.Debug|x86.ActiveCfg = Debug|Win32
		{C3FA473F-0D45-404B-AD33-BB49A47B6284}.Debug|x86.Build.0 = Debug|Win32
		{C3FA473F-0D45-404B-AD33-BB49A47B6284}.Release|x64.ActiveCfg = Release|x64
		{C3FA473F-0D45-404B-AD33-BB49A47B6284}.Release|x64.Build.0 = Release|x64
		{C3FA473F-0D45-404B-AD33-BB49A47B6284}.Release|x86.ActiveCfg = Release|Win32
		{C3FA473F-0D45-404B-AD33-BB49A47B6284}.Release|x86.Build.0 = Release|Win32
		{B468D068-380B-4718-B285-1E4C5978051F}.Debug|x64.ActiveCfg = Debug|x64
		{B468D068-380B-4718-B285-1E4C5978051F}.Debug|x64.Build.0 = Debug|x64
		{B468D068-380B-4718-B285-1E4C5978051F}.Debug|x86.ActiveCfg = Debug|Win32
		{B468D068-380B-4718-B285-1E4C5978051F}.Debug|x86.Build.0 = Debug|Win32
		{B468D068-380B-4718-B285-1E4C5978051F}.Release|x64.ActiveCfg = Release|x64
		{B468D068-380B-4718-B285-1E4C5978051F}.Release|x64.Build.0 = Release|x64
		{B468D068-380B-4718-B285-1E4C5978051F}.Release|x86.ActiveCfg = Release|Win32
		{B468D068-380B-4718-B285-1E4C5978051F}.Release|x86.Build.0 = Release|Win32
		{6E33292B-E86C-4469-B663-86E5542DD132}.Debug|x64.ActiveCfg = Debug|x64
		{6E33292B-E86C-4469-B663-86E5542DD132}.Debug|x64.Build.0 = Debug|x64
		{6E33292B-E86C-4469-B663-86E5542DD132}.Debug|x86.ActiveCfg = Debug|Win32
		{6E33292B-E86C-4469-B663-86E5542DD132}.Debug|x86.Build.0 = Debug|Win32
		{6E33292B-E86C-4469-B663-86E5542DD132}.Release|x64.ActiveCfg = Release|x64
		{6E33292B-E86C-4469-B663-86E5542DD132}.Release|x64.Build.0 = Release|x64
		{6E33292B-E86C-4469-B663-86E5542DD132}.Release|x86.ActiveCfg = Release|Win32
		{6E33292B-E86C-4469-B663-86E5542DD132}.Release|x86.Build.0 = Release|Win32
		{4636B208-7257-4206-B8CD-C606B355DA20}.Debug|x64.ActiveCfg = Debug|x64
		{4636B208-7257-4206-B8CD-C606B355DA20}.Debug|x64.Build.0 = Debug|x64
		{4636B208-7257-4206-B8CD-C606B355DA20}.Debug|x86.ActiveCfg = Debug|Win32
		{4636B208-7257-4206-B8CD-C606B355DA20}.Debug|x86.Build.0 = Debug|Win32
		{4636B208-7257-4206-B8CD-C606B355DA20}.Release|x64.ActiveCfg = Release|x64
		{4636B208-7257-4206-B8CD-C606B355DA20}.Release|x64.Build.0 = Release|x64
		{4636B208-7257-4206-B8CD-C606B355DA20}.Release|x86.ActiveCfg = Release|Win32
		{4636B208-7257-4206-B8CD-C606B355DA20}.Release|x86.Build.0 = Release|Win32
		{F7BFEAD8-CE7E-4F0A-8B55-8F6FBBB7C196}.Debug|x64.ActiveCfg = Debug|x64
		{F7BFEAD8-CE7E-4F0A-8B55-8F6FBBB7C196}.Debug|x64.Build.0 = Debug|x64
		{F7BFEAD8-CE7E-4F0A-8B55-8F6FBBB7C196}.Debug|x86.ActiveCfg = Debug|Win32
		{F7BFEAD8-CE7E-4F0A-8B55-8F6FBBB7C196}.Debug|x86.Build.0 = Debug|Win32
		{F7BFEAD8-CE7E-4F0A-8B55-8F6FBBB7C196}.Release|x64.ActiveCfg = Release|x64
		{F7BFEAD8-CE7E-4F0A-8B55-8F6FBBB7C196}.Release|x64.Build.0 = Release|x64
		{F7BFEAD8-CE7E-4F0A-8B55-8F6FBBB7C196}.Release|x86.ActiveCfg = Release|Win32
		{F7BFEAD8-CE7E-4F0A-8B55-8F6FBBB7C196}.Release|x86.Build.0 = Release|Win32
		{30F2BB24-F472-4052-B110-D7A011998BDB}.Debug|x64.ActiveCfg = Debug|x64
		{30F2BB24-F472-4052-B110-D7A011998BDB}.Debug|x64.Build.0 = Debug|x64
		{30F2BB24-F472-4052-B110-D7A011998BDB}.Debug|x86.ActiveCfg = Debug|Win32
		{30F2BB24-F472-4052-B110-D7A011998BDB}.Debug|x86.Build.0 = Debug|Win32
		{30F2BB24-F472-4052-B110-D7A011998BDB}.Release|x64.ActiveCfg = Release|x64
		{30F2BB24-F472-4052-B110-D7A011998BDB}.Release|x64.Build.0 = Release|x64
		{30F2BB24-F472-4052-B110-D7A011998BDB}.Release|x86.ActiveCfg = Release|Win32
		{30F2BB24-F472-4052-B110-D7A011998BDB}.Release|x86.Build.0 = Release|Win32
		{F2C9C725-9706-4FA6-883D-196D0417D0B9}.Debug|x64.ActiveCfg = Debug|x64
		{F2C9C725-9706-4FA6-883D-196D0417D0B9}.Debug|x64.Build.0 = Debug|x64
		{F2C9C725-9706-4FA6-883D-196D0417D0B9}.Debug|x86.ActiveCfg = Debug|Win32
		{F2C9C725-9706-4FA6-883D-196D0417D0B9}.Debug|x86.Build.0 = Debug|Win32
		{F2C9C725-9706-4FA6-883D-196D0417D0B9}.Release|x64.ActiveCfg = Release|x64
		{F2C9C725-9706-4FA6-883D-196D0417D0B9}.Release|x64.Build.0 = Release|x64
		{F2C9C725-9706-4FA6-883D-196D0417D0B9}.Release|x86.ActiveCfg = Release|Win32
		{F2C9C725-9706-4FA6-883D-196D0417D0B9}.Release|x86.Build.0 = Release|Win32
		{CBA5F9D3-E748-4128-98F6-122195122A30}.Debug|x64.ActiveCfg = Debug|x64
		{CBA5F9D3-E748-4128-98F6-122195122A30}.Debug|x64.Build.0 = Debug|x64
		{CBA5F9D3-E748-4128-98F6-122195122A30}.Debug|x86.ActiveCfg = Debug|Win32
		{CBA5F9D3-E748-4128-98F6-122195122A30}.Debug|x86.Build.0 = Debug|Win32
		{CBA5F9D3-E748-4128-98F6-122195122A30}.Release|x64.ActiveCfg = Release|x64
		{CBA5F9D3-E748-4128-98F6-122195122A30}.Release|x64.Build.0 = Release|x64
		{CBA5F9D3-E748-4128-98F6-122195122A30}.Release|x86.ActiveCfg = Release|Win32
		{CBA5F9D3-E748-4128-98F6-122195122A30}.Release|x86.Build.0 = Release|Win32
	EndGlobalSection
	GlobalSection(SolutionProperties) = preSolution
		HideSolutionNode = FALSE
	EndGlobalSection
	GlobalSection(ExtensibilityGlobals) = postSolution
		SolutionGuid = {A5846AB5-98D7-4C91-8F79-36541E29ADCC}
	EndGlobalSection
EndGlobal
