<?xml version="1.0" encoding="utf-8"?>
<Project ToolsVersion="4.0" xmlns="http://schemas.microsoft.com/developer/msbuild/2003">
  <ItemGroup>
    <ClCompile Include="..\Common\Application.cpp">
      <Filter>Common</Filter>
    </ClCompile>
    <ClCompile Include="..\Common\Shader.cpp">
      <Filter>Common</Filter>
    </ClCompile>
    <ClCompile Include="glad.c">
      <Filter>Project</Filter>
    </ClCompile>
    <ClCompile Include="main.cpp">
      <Filter>Project</Filter>
    </ClCompile>
    <ClCompile Include="ProjectApplication.cpp">
      <Filter>Project</Filter>
    </ClCompile>
    <ClCompile Include="..\Common\Texture.cpp">
      <Filter>Common</Filter>
    </ClCompile>
    <ClCompile Include="..\Common\VertexArray.cpp">
      <Filter>Common</Filter>
    </ClCompile>
    <ClCompile Include="..\Common\VertexBuffer.cpp">
      <Filter>Common</Filter>
    </ClCompile>
    <ClCompile Include="..\Common\ElementBuffer.cpp">
      <Filter>Common</Filter>
    </ClCompile>
    <ClCompile Include="..\Common\Camera.cpp">
      <Filter>Common</Filter>
    </ClCompile>
    <ClCompile Include="..\Common\ModelMatrix.cpp">
      <Filter>Common</Filter>
    </ClCompile>
    <ClCompile Include="..\Common\Vertex.cpp">
      <Filter>Common</Filter>
    </ClCompile>
    <ClCompile Include="..\Common\Mesh.cpp">
      <Filter>Common</Filter>
    </ClCompile>
    <ClCompile Include="..\Common\Model.cpp">
      <Filter>Common</Filter>
    </ClCompile>
    <ClCompile Include="..\dependencies\ImGui\imgui.cpp">
      <Filter>ImGui</Filter>
    </ClCompile>
    <ClCompile Include="..\dependencies\ImGui\imgui_demo.cpp">
      <Filter>ImGui</Filter>
    </ClCompile>
    <ClCompile Include="..\dependencies\ImGui\imgui_draw.cpp">
      <Filter>ImGui</Filter>
    </ClCompile>
    <ClCompile Include="..\dependencies\ImGui\imgui_tables.cpp">
      <Filter>ImGui</Filter>
    </ClCompile>
    <ClCompile Include="..\dependencies\ImGui\imgui_widgets.cpp">
      <Filter>ImGui</Filter>
    </ClCompile>
    <ClCompile Include="..\dependencies\ImGui\backends\imgui_impl_glfw.cpp">
      <Filter>ImGui\backends</Filter>
    </ClCompile>
    <ClCompile Include="..\dependencies\ImGui\backends\imgui_impl_opengl2.cpp">
      <Filter>ImGui\backends</Filter>
    </ClCompile>
    <ClCompile Include="..\dependencies\ImGui\backends\imgui_impl_opengl3.cpp">
      <Filter>ImGui\backends</Filter>
    </ClCompile>
    <ClCompile Include="..\dependencies\ImGui\misc\cpp\imgui_stdlib.cpp">
      <Filter>ImGui\misc\cpp</Filter>
    </ClCompile>
  </ItemGroup>
  <ItemGroup>
    <ClInclude Include="..\Common\Application.hpp">
      <Filter>Common</Filter>
    </ClInclude>
    <ClInclude Include="..\Common\Shader.hpp">
      <Filter>Common</Filter>
    </ClInclude>
    <ClInclude Include="ProjectApplication.hpp">
      <Filter>Project</Filter>
    </ClInclude>
    <ClInclude Include="..\Common\Texture.hpp">
      <Filter>Common</Filter>
    </ClInclude>
    <ClInclude Include="..\Common\VertexArray.hpp">
      <Filter>Common</Filter>
    </ClInclude>
    <ClInclude Include="..\Common\VertexBuffer.hpp">
      <Filter>Common</Filter>
    </ClInclude>
    <ClInclude Include="..\Common\ElementBuffer.hpp">
      <Filter>Common</Filter>
    </ClInclude>
    <ClInclude Include="..\Common\Camera.hpp">
      <Filter>Common</Filter>
    </ClInclude>
    <ClInclude Include="..\Common\ModelMatrix.hpp">
      <Filter>Common</Filter>
    </ClInclude>
    <ClInclude Include="..\Common\Vertex.hpp">
      <Filter>Common</Filter>
    </ClInclude>
    <ClInclude Include="..\Common\Mesh.hpp">
      <Filter>Common</Filter>
    </ClInclude>
    <ClInclude Include="..\Common\Model.hpp">
      <Filter>Common</Filter>
    </ClInclude>
    <ClInclude Include="..\dependencies\ImGui\imconfig.h">
      <Filter>ImGui</Filter>
    </ClInclude>
    <ClInclude Include="..\dependencies\ImGui\imgui.h">
      <Filter>ImGui</Filter>
    </ClInclude>
    <ClInclude Include="..\dependencies\ImGui\imgui_internal.h">
      <Filter>ImGui</Filter>
    </ClInclude>
    <ClInclude Include="..\dependencies\ImGui\imstb_rectpack.h">
      <Filter>ImGui</Filter>
    </ClInclude>
    <ClInclude Include="..\dependencies\ImGui\imstb_textedit.h">
      <Filter>ImGui</Filter>
    </ClInclude>
    <ClInclude Include="..\dependencies\ImGui\imstb_truetype.h">
      <Filter>ImGui</Filter>
    </ClInclude>
    <ClInclude Include="..\dependencies\ImGui\backends\imgui_impl_glfw.h">
      <Filter>ImGui\backends</Filter>
    </ClInclude>
    <ClInclude Include="..\dependencies\ImGui\backends\imgui_impl_opengl2.h">
      <Filter>ImGui\backends</Filter>
    </ClInclude>
    <ClInclude Include="..\dependencies\ImGui\backends\imgui_impl_opengl3.h">
      <Filter>ImGui\backends</Filter>
    </ClInclude>
    <ClInclude Include="..\dependencies\ImGui\backends\imgui_impl_opengl3_loader.h">
      <Filter>ImGui\backends</Filter>
    </ClInclude>
    <ClInclude Include="..\dependencies\ImGui\misc\cpp\imgui_stdlib.h">
      <Filter>ImGui\misc\cpp</Filter>
    </ClInclude>
    <ClInclude Include="..\Common\DirectionalLight.hpp">
      <Filter>Common</Filter>
    </ClInclude>
    <ClInclude Include="..\Common\PointLight.hpp">
      <Filter>Common</Filter>
    </ClInclude>
    <ClInclude Include="..\Common\SpotLight.hpp">
      <Filter>Common</Filter>
    </ClInclude>
  </ItemGroup>
  <ItemGroup>
    <Filter Include="Common">
      <UniqueIdentifier>{67999a83-e167-47a5-b941-40c2cf67d434}</UniqueIdentifier>
    </Filter>
    <Filter Include="Project">
      <UniqueIdentifier>{13de72e6-5746-44ec-aa4c-908414a980d3}</UniqueIdentifier>
    </Filter>
    <Filter Include="ImGui">
      <UniqueIdentifier>{453f0421-b5e0-4162-9e57-4d160a7d4603}</UniqueIdentifier>
    </Filter>
    <Filter Include="ImGui\backends">
      <UniqueIdentifier>{9943d194-d068-48f5-a74c-26ca4cda624c}</UniqueIdentifier>
    </Filter>
    <Filter Include="ImGui\misc">
      <UniqueIdentifier>{75305339-2b68-4d59-9808-f3441ac86ad0}</UniqueIdentifier>
    </Filter>
    <Filter Include="ImGui\misc\cpp">
      <UniqueIdentifier>{62b9a5b2-b9e5-4388-98e8-305a200c45ab}</UniqueIdentifier>
    </Filter>
    <Filter Include="Models">
      <UniqueIdentifier>{2ed0f33b-b172-4da3-a1ec-40ac13fbe6e1}</UniqueIdentifier>
    </Filter>
    <Filter Include="Shaders">
      <UniqueIdentifier>{5caf36d8-d44b-4219-8408-1ee165c4253f}</UniqueIdentifier>
    </Filter>
  </ItemGroup>
  <ItemGroup>
    <Image Include="Models\ao.jpg">
      <Filter>Models</Filter>
    </Image>
    <Image Include="Models\diffuse.jpg">
      <Filter>Models</Filter>
    </Image>
    <Image Include="Models\flyguy_final_1001_BaseMap.png">
      <Filter>Models</Filter>
    </Image>
    <Image Include="Models\normal.png">
      <Filter>Models</Filter>
    </Image>
    <Image Include="Models\roughness.jpg">
      <Filter>Models</Filter>
    </Image>
    <Image Include="Models\specular.jpg">
      <Filter>Models</Filter>
    </Image>
  </ItemGroup>
  <ItemGroup>
    <None Include="Models\backpack.mtl">
      <Filter>Models</Filter>
    </None>
    <None Include="Models\flyguy.mtl">
      <Filter>Models</Filter>
    </None>
    <None Include="Shaders\directional_light.fs">
      <Filter>Shaders</Filter>
    </None>
    <None Include="Shaders\light.fs">
      <Filter>Shaders</Filter>
    </None>
    <None Include="Shaders\light.vs">
      <Filter>Shaders</Filter>
    </None>
    <None Include="Shaders\material.fs">
      <Filter>Shaders</Filter>
    </None>
    <None Include="Shaders\material.vs">
      <Filter>Shaders</Filter>
    </None>
    <None Include="Shaders\plain_color.fs">
      <Filter>Shaders</Filter>
    </None>
    <None Include="Shaders\plain_texture.fs">
      <Filter>Shaders</Filter>
    </None>
  </ItemGroup>
  <ItemGroup>
    <Text Include="Models\source_attribution.txt">
      <Filter>Models</Filter>
    </Text>
  </ItemGroup>
  <ItemGroup>
    <Resource Include="Models\backpack.obj">
      <Filter>Models</Filter>
    </Resource>
    <Resource Include="Models\flyguy.obj">
      <Filter>Models</Filter>
    </Resource>
  </ItemGroup>
</Project>