<?xml version="1.0" encoding="utf-8"?>
<Project ToolsVersion="4.0" xmlns="http://schemas.microsoft.com/developer/msbuild/2003">
  <ItemGroup>
    <ClCompile Include="..\Common\Application.cpp">
      <Filter>Common</Filter>
    </ClCompile>
    <ClCompile Include="..\Common\Shader.cpp">
      <Filter>Common</Filter>
    </ClCompile>
    <ClCompile Include="glad.c">
      <Filter>Project</Filter>
    </ClCompile>
    <ClCompile Include="main.cpp">
      <Filter>Project</Filter>
    </ClCompile>
    <ClCompile Include="ProjectApplication.cpp">
      <Filter>Project</Filter>
    </ClCompile>
    <ClCompile Include="..\Common\Texture.cpp">
      <Filter>Common</Filter>
    </ClCompile>
    <ClCompile Include="..\Common\VertexArray.cpp">
      <Filter>Common</Filter>
    </ClCompile>
    <ClCompile Include="..\Common\VertexBuffer.cpp">
      <Filter>Common</Filter>
    </ClCompile>
    <ClCompile Include="..\Common\ElementBuffer.cpp">
      <Filter>Common</Filter>
    </ClCompile>
  </ItemGroup>
  <ItemGroup>
    <ClInclude Include="..\Common\Application.hpp">
      <Filter>Common</Filter>
    </ClInclude>
    <ClInclude Include="..\Common\Shader.hpp">
      <Filter>Common</Filter>
    </ClInclude>
    <ClInclude Include="ProjectApplication.hpp">
      <Filter>Project</Filter>
    </ClInclude>
    <ClInclude Include="..\Common\Texture.hpp">
      <Filter>Common</Filter>
    </ClInclude>
    <ClInclude Include="..\Common\VertexArray.hpp">
      <Filter>Common</Filter>
    </ClInclude>
    <ClInclude Include="..\Common\VertexBuffer.hpp">
      <Filter>Common</Filter>
    </ClInclude>
    <ClInclude Include="..\Common\ElementBuffer.hpp">
      <Filter>Common</Filter>
    </ClInclude>
  </ItemGroup>
  <ItemGroup>
    <Filter Include="Common">
      <UniqueIdentifier>{67999a83-e167-47a5-b941-40c2cf67d434}</UniqueIdentifier>
    </Filter>
    <Filter Include="Project">
      <UniqueIdentifier>{13de72e6-5746-44ec-aa4c-908414a980d3}</UniqueIdentifier>
    </Filter>
  </ItemGroup>
</Project>